
Microsoft Visual Studio Solution File, Format Version 12.00
# Visual Studio Version 16
VisualStudioVersion = 16.0.32228.343
MinimumVisualStudioVersion = 10.0.40219.1
Project("{FAE04EC0-301F-11D3-BF4B-00C04F79EFBC}") = "MS-SQL Parser - Insert To Merge", "MS-SQL Parser - Insert To Merge\MS-SQL Parser - Insert To Merge.csproj", "{12A22E0A-D802-44BB-B94E-AB961533877E}"
EndProject
Global
	GlobalSection(SolutionConfigurationPlatforms) = preSolution
		Debug|Any CPU = Debug|Any CPU
		Release|Any CPU = Release|Any CPU
	EndGlobalSection
	GlobalSection(ProjectConfigurationPlatforms) = postSolution
		{12A22E0A-D802-44BB-B94E-AB961533877E}.Debug|Any CPU.ActiveCfg = Debug|Any CPU
		{12A22E0A-D802-44BB-B94E-AB961533877E}.Debug|Any CPU.Build.0 = Debug|Any CPU
		{12A22E0A-D802-44BB-B94E-AB961533877E}.Release|Any CPU.ActiveCfg = Release|Any CPU
		{12A22E0A-D802-44BB-B94E-AB961533877E}.Release|Any CPU.Build.0 = Release|Any CPU
	EndGlobalSection
	GlobalSection(SolutionProperties) = preSolution
		HideSolutionNode = FALSE
	EndGlobalSection
	GlobalSection(ExtensibilityGlobals) = postSolution
		SolutionGuid = {D5018387-B0AD-428A-9A31-B5391B552CB0}
	EndGlobalSection
EndGlobal
